// !$*UTF8*$!
{
	archiveVersion = 1;
	classes = {
	};
	objectVersion = 51;
	objects = {

/* Begin PBXBuildFile section */
		0B060442253A51D900226BD1 /* GeneratorFunctionCellView.swift in Sources */ = {isa = PBXBuildFile; fileRef = 0B060441253A51D900226BD1 /* GeneratorFunctionCellView.swift */; };
		0B060447253A52C000226BD1 /* ProcessorFunctionCellView.swift in Sources */ = {isa = PBXBuildFile; fileRef = 0B060446253A52C000226BD1 /* ProcessorFunctionCellView.swift */; };
		0B07B7B02519FDAD00B03D46 /* Simulator.swift in Sources */ = {isa = PBXBuildFile; fileRef = 0B07B7AF2519FDAD00B03D46 /* Simulator.swift */; };
		0B2C2A682537939500F1DA66 /* SimulationProperties.swift in Sources */ = {isa = PBXBuildFile; fileRef = 0B2C2A672537939500F1DA66 /* SimulationProperties.swift */; };
		0B2C2A702537981100F1DA66 /* ProcessingFunction.swift in Sources */ = {isa = PBXBuildFile; fileRef = 0B2C2A6F2537981100F1DA66 /* ProcessingFunction.swift */; };
		0B2C2A772537987400F1DA66 /* GenerationFunction.swift in Sources */ = {isa = PBXBuildFile; fileRef = 0B2C2A762537987400F1DA66 /* GenerationFunction.swift */; };
		0B3A5E2C29CC4AAA0034C6AD /* BufferInserterTests.swift in Sources */ = {isa = PBXBuildFile; fileRef = 0B3A5E2B29CC4AAA0034C6AD /* BufferInserterTests.swift */; };
		0B3A5E2E29CC4D850034C6AD /* BufferMock.swift in Sources */ = {isa = PBXBuildFile; fileRef = 0B3A5E2D29CC4D850034C6AD /* BufferMock.swift */; };
		0B3A5E3029CC58E40034C6AD /* BufferPickerTests.swift in Sources */ = {isa = PBXBuildFile; fileRef = 0B3A5E2F29CC58E40034C6AD /* BufferPickerTests.swift */; };
		0B3A5E3229CC79B10034C6AD /* SimulatorTests.swift in Sources */ = {isa = PBXBuildFile; fileRef = 0B3A5E3129CC79B10034C6AD /* SimulatorTests.swift */; };
		0B3A5E3429CC7BC90034C6AD /* ProcessorTests.swift in Sources */ = {isa = PBXBuildFile; fileRef = 0B3A5E3329CC7BC90034C6AD /* ProcessorTests.swift */; };
		0B3A5E3629CC7CD30034C6AD /* BufferPickerStub.swift in Sources */ = {isa = PBXBuildFile; fileRef = 0B3A5E3529CC7CD30034C6AD /* BufferPickerStub.swift */; };
		0B459AB7253504E200351FBA /* Maths.swift in Sources */ = {isa = PBXBuildFile; fileRef = 0B459AB6253504E200351FBA /* Maths.swift */; };
		0B546DD6253BABAE00661487 /* SimulationThread.swift in Sources */ = {isa = PBXBuildFile; fileRef = 0B546DD5253BABAE00661487 /* SimulationThread.swift */; };
		0B584E432535E3D00089B37E /* SettingsViewController.swift in Sources */ = {isa = PBXBuildFile; fileRef = 0B584E422535E3D00089B37E /* SettingsViewController.swift */; };
		0B584E4D2535E7010089B37E /* AutoViewController.swift in Sources */ = {isa = PBXBuildFile; fileRef = 0B584E4C2535E7010089B37E /* AutoViewController.swift */; };
		0B584E522535E71E0089B37E /* StepsViewController.swift in Sources */ = {isa = PBXBuildFile; fileRef = 0B584E512535E71E0089B37E /* StepsViewController.swift */; };
		0B584E572535E7310089B37E /* SidebarViewController.swift in Sources */ = {isa = PBXBuildFile; fileRef = 0B584E562535E7310089B37E /* SidebarViewController.swift */; };
		0B584E612535E8560089B37E /* SplitViewController.swift in Sources */ = {isa = PBXBuildFile; fileRef = 0B584E602535E8560089B37E /* SplitViewController.swift */; };
		0B6C958D25192E03006DC0DD /* Request.swift in Sources */ = {isa = PBXBuildFile; fileRef = 0B6C958C25192E03006DC0DD /* Request.swift */; };
		0B6C959325192F46006DC0DD /* Generator.swift in Sources */ = {isa = PBXBuildFile; fileRef = 0B6C959225192F46006DC0DD /* Generator.swift */; };
		0B6C95982519325C006DC0DD /* SpecialConditioned.swift in Sources */ = {isa = PBXBuildFile; fileRef = 0B6C95972519325C006DC0DD /* SpecialConditioned.swift */; };
		0B6C95A025193478006DC0DD /* BufferInserter.swift in Sources */ = {isa = PBXBuildFile; fileRef = 0B6C959F25193478006DC0DD /* BufferInserter.swift */; };
		0B6C95A52519348F006DC0DD /* BufferPicker.swift in Sources */ = {isa = PBXBuildFile; fileRef = 0B6C95A42519348F006DC0DD /* BufferPicker.swift */; };
		0B6C95AA251934A9006DC0DD /* Buffer.swift in Sources */ = {isa = PBXBuildFile; fileRef = 0B6C95A9251934A9006DC0DD /* Buffer.swift */; };
		0B6C95AF2519501A006DC0DD /* Processor.swift in Sources */ = {isa = PBXBuildFile; fileRef = 0B6C95AE2519501A006DC0DD /* Processor.swift */; };
		0B6E1CDB25652F2800969634 /* FocusAwareTextField.swift in Sources */ = {isa = PBXBuildFile; fileRef = 0B6E1CDA25652F2800969634 /* FocusAwareTextField.swift */; };
		0B8EEB26254B5535009D5A71 /* AnalysisSettingsViewController.swift in Sources */ = {isa = PBXBuildFile; fileRef = 0B8EEB25254B5535009D5A71 /* AnalysisSettingsViewController.swift */; };
		0B8EEB2B254B5D09009D5A71 /* Analyser.swift in Sources */ = {isa = PBXBuildFile; fileRef = 0B8EEB2A254B5D09009D5A71 /* Analyser.swift */; };
		0B8FE3EA25175CAD00E3CB46 /* AppDelegate.swift in Sources */ = {isa = PBXBuildFile; fileRef = 0B8FE3E925175CAD00E3CB46 /* AppDelegate.swift */; };
		0B8FE3EE25175CAE00E3CB46 /* Assets.xcassets in Resources */ = {isa = PBXBuildFile; fileRef = 0B8FE3ED25175CAE00E3CB46 /* Assets.xcassets */; };
		0B8FE3F125175CAE00E3CB46 /* Main.storyboard in Resources */ = {isa = PBXBuildFile; fileRef = 0B8FE3EF25175CAE00E3CB46 /* Main.storyboard */; };
		0B8FE42825175D6200E3CB46 /* SimulationMode.swift in Sources */ = {isa = PBXBuildFile; fileRef = 0B8FE42725175D6200E3CB46 /* SimulationMode.swift */; };
		0B9891F8256529A1001628E2 /* SavingTextViewController.swift in Sources */ = {isa = PBXBuildFile; fileRef = 0B9891F7256529A1001628E2 /* SavingTextViewController.swift */; };
		0BBF15682537A59600D72FD6 /* GenerationProperties.swift in Sources */ = {isa = PBXBuildFile; fileRef = 0BBF15672537A59600D72FD6 /* GenerationProperties.swift */; };
		0BBF156D2537A5A500D72FD6 /* ProcessingProperties.swift in Sources */ = {isa = PBXBuildFile; fileRef = 0BBF156C2537A5A500D72FD6 /* ProcessingProperties.swift */; };
		0BFB606929C462C50079BCEA /* GeneratorTests.swift in Sources */ = {isa = PBXBuildFile; fileRef = 0BFB606829C462C50079BCEA /* GeneratorTests.swift */; };
		0BFB606C29C494B10079BCEA /* BufferInserterSpy.swift in Sources */ = {isa = PBXBuildFile; fileRef = 0BFB606B29C494B10079BCEA /* BufferInserterSpy.swift */; };
		0BFB607029C4A22C0079BCEA /* BufferTests.swift in Sources */ = {isa = PBXBuildFile; fileRef = 0BFB606F29C4A22C0079BCEA /* BufferTests.swift */; };
		0BFD71452549914A00E46CDF /* AnalysisViewController.swift in Sources */ = {isa = PBXBuildFile; fileRef = 0BFD71442549914A00E46CDF /* AnalysisViewController.swift */; };
		DFAC86B7C4AF8CE66A2D72CF /* Pods_ServingSystem.framework in Frameworks */ = {isa = PBXBuildFile; fileRef = DD68E926E5BB2F810C777DBA /* Pods_ServingSystem.framework */; };
/* End PBXBuildFile section */

/* Begin PBXContainerItemProxy section */
		0B98027A29954FB90028F442 /* PBXContainerItemProxy */ = {
			isa = PBXContainerItemProxy;
			containerPortal = 0B8FE3DE25175CAD00E3CB46 /* Project object */;
			proxyType = 1;
			remoteGlobalIDString = 0B8FE3E525175CAD00E3CB46;
			remoteInfo = ServingSystem;
		};
/* End PBXContainerItemProxy section */

/* Begin PBXFileReference section */
		0B060441253A51D900226BD1 /* GeneratorFunctionCellView.swift */ = {isa = PBXFileReference; lastKnownFileType = sourcecode.swift; path = GeneratorFunctionCellView.swift; sourceTree = "<group>"; };
		0B060446253A52C000226BD1 /* ProcessorFunctionCellView.swift */ = {isa = PBXFileReference; lastKnownFileType = sourcecode.swift; path = ProcessorFunctionCellView.swift; sourceTree = "<group>"; };
		0B07B7AF2519FDAD00B03D46 /* Simulator.swift */ = {isa = PBXFileReference; lastKnownFileType = sourcecode.swift; path = Simulator.swift; sourceTree = "<group>"; };
		0B2C2A672537939500F1DA66 /* SimulationProperties.swift */ = {isa = PBXFileReference; lastKnownFileType = sourcecode.swift; path = SimulationProperties.swift; sourceTree = "<group>"; };
		0B2C2A6F2537981100F1DA66 /* ProcessingFunction.swift */ = {isa = PBXFileReference; lastKnownFileType = sourcecode.swift; path = ProcessingFunction.swift; sourceTree = "<group>"; };
		0B2C2A762537987400F1DA66 /* GenerationFunction.swift */ = {isa = PBXFileReference; lastKnownFileType = sourcecode.swift; path = GenerationFunction.swift; sourceTree = "<group>"; };
		0B3A5E2B29CC4AAA0034C6AD /* BufferInserterTests.swift */ = {isa = PBXFileReference; lastKnownFileType = sourcecode.swift; path = BufferInserterTests.swift; sourceTree = "<group>"; };
		0B3A5E2D29CC4D850034C6AD /* BufferMock.swift */ = {isa = PBXFileReference; lastKnownFileType = sourcecode.swift; path = BufferMock.swift; sourceTree = "<group>"; };
		0B3A5E2F29CC58E40034C6AD /* BufferPickerTests.swift */ = {isa = PBXFileReference; lastKnownFileType = sourcecode.swift; path = BufferPickerTests.swift; sourceTree = "<group>"; };
		0B3A5E3129CC79B10034C6AD /* SimulatorTests.swift */ = {isa = PBXFileReference; lastKnownFileType = sourcecode.swift; path = SimulatorTests.swift; sourceTree = "<group>"; };
		0B3A5E3329CC7BC90034C6AD /* ProcessorTests.swift */ = {isa = PBXFileReference; lastKnownFileType = sourcecode.swift; path = ProcessorTests.swift; sourceTree = "<group>"; };
		0B3A5E3529CC7CD30034C6AD /* BufferPickerStub.swift */ = {isa = PBXFileReference; lastKnownFileType = sourcecode.swift; path = BufferPickerStub.swift; sourceTree = "<group>"; };
		0B459AB6253504E200351FBA /* Maths.swift */ = {isa = PBXFileReference; lastKnownFileType = sourcecode.swift; path = Maths.swift; sourceTree = "<group>"; };
		0B546DD5253BABAE00661487 /* SimulationThread.swift */ = {isa = PBXFileReference; lastKnownFileType = sourcecode.swift; path = SimulationThread.swift; sourceTree = "<group>"; };
		0B584E422535E3D00089B37E /* SettingsViewController.swift */ = {isa = PBXFileReference; lastKnownFileType = sourcecode.swift; path = SettingsViewController.swift; sourceTree = "<group>"; };
		0B584E4C2535E7010089B37E /* AutoViewController.swift */ = {isa = PBXFileReference; lastKnownFileType = sourcecode.swift; path = AutoViewController.swift; sourceTree = "<group>"; };
		0B584E512535E71E0089B37E /* StepsViewController.swift */ = {isa = PBXFileReference; lastKnownFileType = sourcecode.swift; path = StepsViewController.swift; sourceTree = "<group>"; };
		0B584E562535E7310089B37E /* SidebarViewController.swift */ = {isa = PBXFileReference; lastKnownFileType = sourcecode.swift; path = SidebarViewController.swift; sourceTree = "<group>"; };
		0B584E602535E8560089B37E /* SplitViewController.swift */ = {isa = PBXFileReference; lastKnownFileType = sourcecode.swift; path = SplitViewController.swift; sourceTree = "<group>"; };
		0B6C958C25192E03006DC0DD /* Request.swift */ = {isa = PBXFileReference; lastKnownFileType = sourcecode.swift; path = Request.swift; sourceTree = "<group>"; };
		0B6C959225192F46006DC0DD /* Generator.swift */ = {isa = PBXFileReference; lastKnownFileType = sourcecode.swift; path = Generator.swift; sourceTree = "<group>"; };
		0B6C95972519325C006DC0DD /* SpecialConditioned.swift */ = {isa = PBXFileReference; lastKnownFileType = sourcecode.swift; path = SpecialConditioned.swift; sourceTree = "<group>"; };
		0B6C959F25193478006DC0DD /* BufferInserter.swift */ = {isa = PBXFileReference; lastKnownFileType = sourcecode.swift; path = BufferInserter.swift; sourceTree = "<group>"; };
		0B6C95A42519348F006DC0DD /* BufferPicker.swift */ = {isa = PBXFileReference; lastKnownFileType = sourcecode.swift; path = BufferPicker.swift; sourceTree = "<group>"; };
		0B6C95A9251934A9006DC0DD /* Buffer.swift */ = {isa = PBXFileReference; lastKnownFileType = sourcecode.swift; path = Buffer.swift; sourceTree = "<group>"; };
		0B6C95AE2519501A006DC0DD /* Processor.swift */ = {isa = PBXFileReference; lastKnownFileType = sourcecode.swift; path = Processor.swift; sourceTree = "<group>"; };
		0B6E1CDA25652F2800969634 /* FocusAwareTextField.swift */ = {isa = PBXFileReference; lastKnownFileType = sourcecode.swift; path = FocusAwareTextField.swift; sourceTree = "<group>"; };
		0B8EEB25254B5535009D5A71 /* AnalysisSettingsViewController.swift */ = {isa = PBXFileReference; lastKnownFileType = sourcecode.swift; path = AnalysisSettingsViewController.swift; sourceTree = "<group>"; };
		0B8EEB2A254B5D09009D5A71 /* Analyser.swift */ = {isa = PBXFileReference; lastKnownFileType = sourcecode.swift; path = Analyser.swift; sourceTree = "<group>"; };
		0B8FE3E625175CAD00E3CB46 /* ServingSystem.app */ = {isa = PBXFileReference; explicitFileType = wrapper.application; includeInIndex = 0; path = ServingSystem.app; sourceTree = BUILT_PRODUCTS_DIR; };
		0B8FE3E925175CAD00E3CB46 /* AppDelegate.swift */ = {isa = PBXFileReference; lastKnownFileType = sourcecode.swift; path = AppDelegate.swift; sourceTree = "<group>"; };
		0B8FE3ED25175CAE00E3CB46 /* Assets.xcassets */ = {isa = PBXFileReference; lastKnownFileType = folder.assetcatalog; path = Assets.xcassets; sourceTree = "<group>"; };
		0B8FE3F025175CAE00E3CB46 /* Base */ = {isa = PBXFileReference; lastKnownFileType = file.storyboard; name = Base; path = Base.lproj/Main.storyboard; sourceTree = "<group>"; };
		0B8FE3F225175CAE00E3CB46 /* Info.plist */ = {isa = PBXFileReference; lastKnownFileType = text.plist.xml; path = Info.plist; sourceTree = "<group>"; };
		0B8FE3F325175CAE00E3CB46 /* ServingSystem.entitlements */ = {isa = PBXFileReference; lastKnownFileType = text.plist.entitlements; path = ServingSystem.entitlements; sourceTree = "<group>"; };
		0B8FE42725175D6200E3CB46 /* SimulationMode.swift */ = {isa = PBXFileReference; lastKnownFileType = sourcecode.swift; path = SimulationMode.swift; sourceTree = "<group>"; };
		0B98027629954FB90028F442 /* ServingSystemTests.xctest */ = {isa = PBXFileReference; explicitFileType = wrapper.cfbundle; includeInIndex = 0; path = ServingSystemTests.xctest; sourceTree = BUILT_PRODUCTS_DIR; };
		0B9891F7256529A1001628E2 /* SavingTextViewController.swift */ = {isa = PBXFileReference; lastKnownFileType = sourcecode.swift; path = SavingTextViewController.swift; sourceTree = "<group>"; };
		0BBF15672537A59600D72FD6 /* GenerationProperties.swift */ = {isa = PBXFileReference; lastKnownFileType = sourcecode.swift; path = GenerationProperties.swift; sourceTree = "<group>"; };
		0BBF156C2537A5A500D72FD6 /* ProcessingProperties.swift */ = {isa = PBXFileReference; lastKnownFileType = sourcecode.swift; path = ProcessingProperties.swift; sourceTree = "<group>"; };
		0BFB606829C462C50079BCEA /* GeneratorTests.swift */ = {isa = PBXFileReference; lastKnownFileType = sourcecode.swift; path = GeneratorTests.swift; sourceTree = "<group>"; };
		0BFB606B29C494B10079BCEA /* BufferInserterSpy.swift */ = {isa = PBXFileReference; lastKnownFileType = sourcecode.swift; path = BufferInserterSpy.swift; sourceTree = "<group>"; };
		0BFB606F29C4A22C0079BCEA /* BufferTests.swift */ = {isa = PBXFileReference; lastKnownFileType = sourcecode.swift; path = BufferTests.swift; sourceTree = "<group>"; };
		0BFD71442549914A00E46CDF /* AnalysisViewController.swift */ = {isa = PBXFileReference; lastKnownFileType = sourcecode.swift; path = AnalysisViewController.swift; sourceTree = "<group>"; };
		2766CC4C25FB609E2F562DBB /* Pods-ServingSystem.debug.xcconfig */ = {isa = PBXFileReference; includeInIndex = 1; lastKnownFileType = text.xcconfig; name = "Pods-ServingSystem.debug.xcconfig"; path = "Pods/Target Support Files/Pods-ServingSystem/Pods-ServingSystem.debug.xcconfig"; sourceTree = "<group>"; };
		BA0472FAA0E15911F2FE843C /* Pods-ServingSystem.release.xcconfig */ = {isa = PBXFileReference; includeInIndex = 1; lastKnownFileType = text.xcconfig; name = "Pods-ServingSystem.release.xcconfig"; path = "Pods/Target Support Files/Pods-ServingSystem/Pods-ServingSystem.release.xcconfig"; sourceTree = "<group>"; };
		DD68E926E5BB2F810C777DBA /* Pods_ServingSystem.framework */ = {isa = PBXFileReference; explicitFileType = wrapper.framework; includeInIndex = 0; path = Pods_ServingSystem.framework; sourceTree = BUILT_PRODUCTS_DIR; };
/* End PBXFileReference section */

/* Begin PBXFrameworksBuildPhase section */
		0B8FE3E325175CAD00E3CB46 /* Frameworks */ = {
			isa = PBXFrameworksBuildPhase;
			buildActionMask = 2147483647;
			files = (
				DFAC86B7C4AF8CE66A2D72CF /* Pods_ServingSystem.framework in Frameworks */,
			);
			runOnlyForDeploymentPostprocessing = 0;
		};
		0B98027329954FB90028F442 /* Frameworks */ = {
			isa = PBXFrameworksBuildPhase;
			buildActionMask = 2147483647;
			files = (
			);
			runOnlyForDeploymentPostprocessing = 0;
		};
/* End PBXFrameworksBuildPhase section */

/* Begin PBXGroup section */
		0B06043F253A51A900226BD1 /* ViewController */ = {
			isa = PBXGroup;
			children = (
				0BFD71442549914A00E46CDF /* AnalysisViewController.swift */,
				0B8EEB25254B5535009D5A71 /* AnalysisSettingsViewController.swift */,
				0B584E4C2535E7010089B37E /* AutoViewController.swift */,
				0B584E422535E3D00089B37E /* SettingsViewController.swift */,
				0B584E562535E7310089B37E /* SidebarViewController.swift */,
				0B584E602535E8560089B37E /* SplitViewController.swift */,
				0B584E512535E71E0089B37E /* StepsViewController.swift */,
				0B6E1CDD256532D300969634 /* Parent */,
			);
			path = ViewController;
			sourceTree = "<group>";
		};
		0B060440253A51BC00226BD1 /* View */ = {
			isa = PBXGroup;
			children = (
				0B060441253A51D900226BD1 /* GeneratorFunctionCellView.swift */,
				0B060446253A52C000226BD1 /* ProcessorFunctionCellView.swift */,
			);
			path = View;
			sourceTree = "<group>";
		};
		0B07B7AE2519FD8800B03D46 /* Buffer */ = {
			isa = PBXGroup;
			children = (
				0B6C959F25193478006DC0DD /* BufferInserter.swift */,
				0B6C95A42519348F006DC0DD /* BufferPicker.swift */,
				0B6C95A9251934A9006DC0DD /* Buffer.swift */,
			);
			path = Buffer;
			sourceTree = "<group>";
		};
		0B2C2A742537984E00F1DA66 /* Settings */ = {
			isa = PBXGroup;
			children = (
				0B2C2A672537939500F1DA66 /* SimulationProperties.swift */,
				0BBF15672537A59600D72FD6 /* GenerationProperties.swift */,
				0BBF156C2537A5A500D72FD6 /* ProcessingProperties.swift */,
			);
			path = Settings;
			sourceTree = "<group>";
		};
		0B459AB5253504D300351FBA /* Maths */ = {
			isa = PBXGroup;
			children = (
				0B459AB6253504E200351FBA /* Maths.swift */,
			);
			path = Maths;
			sourceTree = "<group>";
		};
		0B6C958B25192DB3006DC0DD /* Simulator */ = {
			isa = PBXGroup;
			children = (
				0B459AB5253504D300351FBA /* Maths */,
				0B8EEB2A254B5D09009D5A71 /* Analyser.swift */,
				0B07B7AF2519FDAD00B03D46 /* Simulator.swift */,
				0B2C2A742537984E00F1DA66 /* Settings */,
				0B07B7AE2519FD8800B03D46 /* Buffer */,
				0B6C95972519325C006DC0DD /* SpecialConditioned.swift */,
				0B6C959225192F46006DC0DD /* Generator.swift */,
				0B6C95AE2519501A006DC0DD /* Processor.swift */,
				0B6C958C25192E03006DC0DD /* Request.swift */,
				0B546DD5253BABAE00661487 /* SimulationThread.swift */,
			);
			path = Simulator;
			sourceTree = "<group>";
		};
		0B6E1CDD256532D300969634 /* Parent */ = {
			isa = PBXGroup;
			children = (
				0B9891F7256529A1001628E2 /* SavingTextViewController.swift */,
			);
			path = Parent;
			sourceTree = "<group>";
		};
		0B6E1CDF2565331600969634 /* Text */ = {
			isa = PBXGroup;
			children = (
				0B6E1CDA25652F2800969634 /* FocusAwareTextField.swift */,
			);
			path = Text;
			sourceTree = "<group>";
		};
		0B8FE3DD25175CAD00E3CB46 = {
			isa = PBXGroup;
			children = (
				0B8FE3E825175CAD00E3CB46 /* ServingSystem */,
				0B98027729954FB90028F442 /* ServingSystemTests */,
				0B8FE3E725175CAD00E3CB46 /* Products */,
				5AC9BC4C41669ABD2678EFAD /* Pods */,
				F29B94BCA083EF965C7EEE86 /* Frameworks */,
			);
			sourceTree = "<group>";
		};
		0B8FE3E725175CAD00E3CB46 /* Products */ = {
			isa = PBXGroup;
			children = (
				0B8FE3E625175CAD00E3CB46 /* ServingSystem.app */,
				0B98027629954FB90028F442 /* ServingSystemTests.xctest */,
			);
			name = Products;
			sourceTree = "<group>";
		};
		0B8FE3E825175CAD00E3CB46 /* ServingSystem */ = {
			isa = PBXGroup;
			children = (
				0B8FE42C25175DB100E3CB46 /* Storyboard */,
				0B8FE41825175CEE00E3CB46 /* Interface */,
				0B8FE41E25175D2900E3CB46 /* Model */,
				0B6C958B25192DB3006DC0DD /* Simulator */,
				0B8FE3E925175CAD00E3CB46 /* AppDelegate.swift */,
				0B8FE3ED25175CAE00E3CB46 /* Assets.xcassets */,
				0B8FE3F225175CAE00E3CB46 /* Info.plist */,
				0B8FE3F325175CAE00E3CB46 /* ServingSystem.entitlements */,
			);
			path = ServingSystem;
			sourceTree = "<group>";
		};
		0B8FE41825175CEE00E3CB46 /* Interface */ = {
			isa = PBXGroup;
			children = (
				0B6E1CDF2565331600969634 /* Text */,
				0B060440253A51BC00226BD1 /* View */,
				0B06043F253A51A900226BD1 /* ViewController */,
			);
			path = Interface;
			sourceTree = "<group>";
		};
		0B8FE41E25175D2900E3CB46 /* Model */ = {
			isa = PBXGroup;
			children = (
				0B2C2A762537987400F1DA66 /* GenerationFunction.swift */,
				0B2C2A6F2537981100F1DA66 /* ProcessingFunction.swift */,
				0B8FE42725175D6200E3CB46 /* SimulationMode.swift */,
			);
			path = Model;
			sourceTree = "<group>";
		};
		0B8FE42C25175DB100E3CB46 /* Storyboard */ = {
			isa = PBXGroup;
			children = (
				0B8FE3EF25175CAE00E3CB46 /* Main.storyboard */,
			);
			path = Storyboard;
			sourceTree = "<group>";
		};
		0B98027729954FB90028F442 /* ServingSystemTests */ = {
			isa = PBXGroup;
			children = (
				0BFB606A29C494090079BCEA /* Helpers */,
				0BFB606829C462C50079BCEA /* GeneratorTests.swift */,
				0BFB606F29C4A22C0079BCEA /* BufferTests.swift */,
				0B3A5E2B29CC4AAA0034C6AD /* BufferInserterTests.swift */,
				0B3A5E2F29CC58E40034C6AD /* BufferPickerTests.swift */,
				0B3A5E3129CC79B10034C6AD /* SimulatorTests.swift */,
				0B3A5E3329CC7BC90034C6AD /* ProcessorTests.swift */,
			);
			path = ServingSystemTests;
			sourceTree = "<group>";
		};
		0BFB606A29C494090079BCEA /* Helpers */ = {
			isa = PBXGroup;
			children = (
				0B3A5E2D29CC4D850034C6AD /* BufferMock.swift */,
				0BFB606B29C494B10079BCEA /* BufferInserterSpy.swift */,
				0B3A5E3529CC7CD30034C6AD /* BufferPickerStub.swift */,
			);
			path = Helpers;
			sourceTree = "<group>";
		};
		5AC9BC4C41669ABD2678EFAD /* Pods */ = {
			isa = PBXGroup;
			children = (
				2766CC4C25FB609E2F562DBB /* Pods-ServingSystem.debug.xcconfig */,
				BA0472FAA0E15911F2FE843C /* Pods-ServingSystem.release.xcconfig */,
			);
			name = Pods;
			sourceTree = "<group>";
		};
		F29B94BCA083EF965C7EEE86 /* Frameworks */ = {
			isa = PBXGroup;
			children = (
				DD68E926E5BB2F810C777DBA /* Pods_ServingSystem.framework */,
			);
			name = Frameworks;
			sourceTree = "<group>";
		};
/* End PBXGroup section */

/* Begin PBXNativeTarget section */
		0B8FE3E525175CAD00E3CB46 /* ServingSystem */ = {
			isa = PBXNativeTarget;
			buildConfigurationList = 0B8FE40C25175CAE00E3CB46 /* Build configuration list for PBXNativeTarget "ServingSystem" */;
			buildPhases = (
				9F5154F6AA2CC60051133E66 /* [CP] Check Pods Manifest.lock */,
				0B8FE3E225175CAD00E3CB46 /* Sources */,
				0B8FE3E325175CAD00E3CB46 /* Frameworks */,
				0B8FE3E425175CAD00E3CB46 /* Resources */,
				0B584EBA25365BD80089B37E /* ShellScript */,
				773BDDD2DDCBF7C6436FED0F /* [CP] Embed Pods Frameworks */,
				0BFF9E8429AD529900E0DC22 /* ShellScript */,
			);
			buildRules = (
			);
			dependencies = (
			);
			name = ServingSystem;
			productName = ServingSystem;
			productReference = 0B8FE3E625175CAD00E3CB46 /* ServingSystem.app */;
			productType = "com.apple.product-type.application";
		};
		0B98027529954FB90028F442 /* ServingSystemTests */ = {
			isa = PBXNativeTarget;
			buildConfigurationList = 0B98027C29954FB90028F442 /* Build configuration list for PBXNativeTarget "ServingSystemTests" */;
			buildPhases = (
				0B98027229954FB90028F442 /* Sources */,
				0B98027329954FB90028F442 /* Frameworks */,
				0B98027429954FB90028F442 /* Resources */,
			);
			buildRules = (
			);
			dependencies = (
				0B98027B29954FB90028F442 /* PBXTargetDependency */,
			);
			name = ServingSystemTests;
			productName = ServingSystemTests;
			productReference = 0B98027629954FB90028F442 /* ServingSystemTests.xctest */;
			productType = "com.apple.product-type.bundle.unit-test";
		};
/* End PBXNativeTarget section */

/* Begin PBXProject section */
		0B8FE3DE25175CAD00E3CB46 /* Project object */ = {
			isa = PBXProject;
			attributes = {
				LastSwiftUpdateCheck = 1420;
				LastUpgradeCheck = 1200;
				TargetAttributes = {
					0B8FE3E525175CAD00E3CB46 = {
						CreatedOnToolsVersion = 12.0;
					};
					0B98027529954FB90028F442 = {
						CreatedOnToolsVersion = 14.2;
						TestTargetID = 0B8FE3E525175CAD00E3CB46;
					};
				};
			};
			buildConfigurationList = 0B8FE3E125175CAD00E3CB46 /* Build configuration list for PBXProject "ServingSystem" */;
			compatibilityVersion = "Xcode 9.3";
			developmentRegion = en;
			hasScannedForEncodings = 0;
			knownRegions = (
				en,
				Base,
			);
			mainGroup = 0B8FE3DD25175CAD00E3CB46;
			productRefGroup = 0B8FE3E725175CAD00E3CB46 /* Products */;
			projectDirPath = "";
			projectRoot = "";
			targets = (
				0B8FE3E525175CAD00E3CB46 /* ServingSystem */,
				0B98027529954FB90028F442 /* ServingSystemTests */,
			);
		};
/* End PBXProject section */

/* Begin PBXResourcesBuildPhase section */
		0B8FE3E425175CAD00E3CB46 /* Resources */ = {
			isa = PBXResourcesBuildPhase;
			buildActionMask = 2147483647;
			files = (
				0B8FE3EE25175CAE00E3CB46 /* Assets.xcassets in Resources */,
				0B8FE3F125175CAE00E3CB46 /* Main.storyboard in Resources */,
			);
			runOnlyForDeploymentPostprocessing = 0;
		};
		0B98027429954FB90028F442 /* Resources */ = {
			isa = PBXResourcesBuildPhase;
			buildActionMask = 2147483647;
			files = (
			);
			runOnlyForDeploymentPostprocessing = 0;
		};
/* End PBXResourcesBuildPhase section */

/* Begin PBXShellScriptBuildPhase section */
		0B584EBA25365BD80089B37E /* ShellScript */ = {
			isa = PBXShellScriptBuildPhase;
			buildActionMask = 2147483647;
			files = (
			);
			inputPaths = (
			);
			outputPaths = (
			);
			runOnlyForDeploymentPostprocessing = 0;
			shellPath = /bin/sh;
			shellScript = "\"${PODS_ROOT}/SwiftLint/swiftlint\"\n";
		};
		0BFF9E8429AD529900E0DC22 /* ShellScript */ = {
			isa = PBXShellScriptBuildPhase;
			buildActionMask = 2147483647;
			files = (
			);
			inputFileListPaths = (
			);
			inputPaths = (
			);
			outputFileListPaths = (
			);
			outputPaths = (
			);
			runOnlyForDeploymentPostprocessing = 0;
			shellPath = /bin/sh;
			shellScript = "export PATH=\"$PATH:/opt/homebrew/bin\"\nif which swiftlint > /dev/null; then\n  swiftlint\nelse\n  echo \"warning: SwiftLint not installed, download from https://github.com/realm/SwiftLint\"\nfi\n";
		};
		773BDDD2DDCBF7C6436FED0F /* [CP] Embed Pods Frameworks */ = {
			isa = PBXShellScriptBuildPhase;
			buildActionMask = 2147483647;
			files = (
			);
			inputFileListPaths = (
				"${PODS_ROOT}/Target Support Files/Pods-ServingSystem/Pods-ServingSystem-frameworks-${CONFIGURATION}-input-files.xcfilelist",
			);
			name = "[CP] Embed Pods Frameworks";
			outputFileListPaths = (
				"${PODS_ROOT}/Target Support Files/Pods-ServingSystem/Pods-ServingSystem-frameworks-${CONFIGURATION}-output-files.xcfilelist",
			);
			runOnlyForDeploymentPostprocessing = 0;
			shellPath = /bin/sh;
			shellScript = "\"${PODS_ROOT}/Target Support Files/Pods-ServingSystem/Pods-ServingSystem-frameworks.sh\"\n";
		};
		9F5154F6AA2CC60051133E66 /* [CP] Check Pods Manifest.lock */ = {
			isa = PBXShellScriptBuildPhase;
			buildActionMask = 2147483647;
			files = (
			);
			inputPaths = (
				"${PODS_PODFILE_DIR_PATH}/Podfile.lock",
				"${PODS_ROOT}/Manifest.lock",
			);
			name = "[CP] Check Pods Manifest.lock";
			outputPaths = (
				"$(DERIVED_FILE_DIR)/Pods-ServingSystem-checkManifestLockResult.txt",
			);
			runOnlyForDeploymentPostprocessing = 0;
			shellPath = /bin/sh;
			shellScript = "diff \"${PODS_PODFILE_DIR_PATH}/Podfile.lock\" \"${PODS_ROOT}/Manifest.lock\" > /dev/null\nif [ $? != 0 ] ; then\n    # print error to STDERR\n    echo \"error: The sandbox is not in sync with the Podfile.lock. Run 'pod install' or update your CocoaPods installation.\" >&2\n    exit 1\nfi\n# This output is used by Xcode 'outputs' to avoid re-running this script phase.\necho \"SUCCESS\" > \"${SCRIPT_OUTPUT_FILE_0}\"\n";
			showEnvVarsInLog = 0;
		};
/* End PBXShellScriptBuildPhase section */

/* Begin PBXSourcesBuildPhase section */
		0B8FE3E225175CAD00E3CB46 /* Sources */ = {
			isa = PBXSourcesBuildPhase;
			buildActionMask = 2147483647;
			files = (
				0BBF15682537A59600D72FD6 /* GenerationProperties.swift in Sources */,
				0B07B7B02519FDAD00B03D46 /* Simulator.swift in Sources */,
				0B9891F8256529A1001628E2 /* SavingTextViewController.swift in Sources */,
				0B060442253A51D900226BD1 /* GeneratorFunctionCellView.swift in Sources */,
				0B060447253A52C000226BD1 /* ProcessorFunctionCellView.swift in Sources */,
				0B6C95A52519348F006DC0DD /* BufferPicker.swift in Sources */,
				0B8EEB26254B5535009D5A71 /* AnalysisSettingsViewController.swift in Sources */,
				0B6C958D25192E03006DC0DD /* Request.swift in Sources */,
				0B2C2A682537939500F1DA66 /* SimulationProperties.swift in Sources */,
				0BFD71452549914A00E46CDF /* AnalysisViewController.swift in Sources */,
				0BBF156D2537A5A500D72FD6 /* ProcessingProperties.swift in Sources */,
				0B6E1CDB25652F2800969634 /* FocusAwareTextField.swift in Sources */,
				0B2C2A702537981100F1DA66 /* ProcessingFunction.swift in Sources */,
				0B8EEB2B254B5D09009D5A71 /* Analyser.swift in Sources */,
				0B6C95982519325C006DC0DD /* SpecialConditioned.swift in Sources */,
				0B584E612535E8560089B37E /* SplitViewController.swift in Sources */,
				0B6C95A025193478006DC0DD /* BufferInserter.swift in Sources */,
				0B584E572535E7310089B37E /* SidebarViewController.swift in Sources */,
				0B584E432535E3D00089B37E /* SettingsViewController.swift in Sources */,
				0B584E522535E71E0089B37E /* StepsViewController.swift in Sources */,
				0B6C95AA251934A9006DC0DD /* Buffer.swift in Sources */,
				0B6C959325192F46006DC0DD /* Generator.swift in Sources */,
				0B6C95AF2519501A006DC0DD /* Processor.swift in Sources */,
				0B459AB7253504E200351FBA /* Maths.swift in Sources */,
				0B2C2A772537987400F1DA66 /* GenerationFunction.swift in Sources */,
				0B8FE3EA25175CAD00E3CB46 /* AppDelegate.swift in Sources */,
				0B584E4D2535E7010089B37E /* AutoViewController.swift in Sources */,
				0B546DD6253BABAE00661487 /* SimulationThread.swift in Sources */,
				0B8FE42825175D6200E3CB46 /* SimulationMode.swift in Sources */,
			);
			runOnlyForDeploymentPostprocessing = 0;
		};
		0B98027229954FB90028F442 /* Sources */ = {
			isa = PBXSourcesBuildPhase;
			buildActionMask = 2147483647;
			files = (
				0B3A5E3629CC7CD30034C6AD /* BufferPickerStub.swift in Sources */,
				0BFB607029C4A22C0079BCEA /* BufferTests.swift in Sources */,
				0B3A5E3029CC58E40034C6AD /* BufferPickerTests.swift in Sources */,
				0B3A5E3429CC7BC90034C6AD /* ProcessorTests.swift in Sources */,
				0B3A5E2C29CC4AAA0034C6AD /* BufferInserterTests.swift in Sources */,
				0BFB606C29C494B10079BCEA /* BufferInserterSpy.swift in Sources */,
				0B3A5E3229CC79B10034C6AD /* SimulatorTests.swift in Sources */,
				0B3A5E2E29CC4D850034C6AD /* BufferMock.swift in Sources */,
				0BFB606929C462C50079BCEA /* GeneratorTests.swift in Sources */,
			);
			runOnlyForDeploymentPostprocessing = 0;
		};
/* End PBXSourcesBuildPhase section */

/* Begin PBXTargetDependency section */
		0B98027B29954FB90028F442 /* PBXTargetDependency */ = {
			isa = PBXTargetDependency;
			target = 0B8FE3E525175CAD00E3CB46 /* ServingSystem */;
			targetProxy = 0B98027A29954FB90028F442 /* PBXContainerItemProxy */;
		};
/* End PBXTargetDependency section */

/* Begin PBXVariantGroup section */
		0B8FE3EF25175CAE00E3CB46 /* Main.storyboard */ = {
			isa = PBXVariantGroup;
			children = (
				0B8FE3F025175CAE00E3CB46 /* Base */,
			);
			name = Main.storyboard;
			sourceTree = "<group>";
		};
/* End PBXVariantGroup section */

/* Begin XCBuildConfiguration section */
		0B8FE40A25175CAE00E3CB46 /* Debug */ = {
			isa = XCBuildConfiguration;
			buildSettings = {
				ALWAYS_SEARCH_USER_PATHS = NO;
				CLANG_ANALYZER_NONNULL = YES;
				CLANG_ANALYZER_NUMBER_OBJECT_CONVERSION = YES_AGGRESSIVE;
				CLANG_CXX_LANGUAGE_STANDARD = "gnu++14";
				CLANG_CXX_LIBRARY = "libc++";
				CLANG_ENABLE_MODULES = YES;
				CLANG_ENABLE_OBJC_ARC = YES;
				CLANG_ENABLE_OBJC_WEAK = YES;
				CLANG_WARN_BLOCK_CAPTURE_AUTORELEASING = YES;
				CLANG_WARN_BOOL_CONVERSION = YES;
				CLANG_WARN_COMMA = YES;
				CLANG_WARN_CONSTANT_CONVERSION = YES;
				CLANG_WARN_DEPRECATED_OBJC_IMPLEMENTATIONS = YES;
				CLANG_WARN_DIRECT_OBJC_ISA_USAGE = YES_ERROR;
				CLANG_WARN_DOCUMENTATION_COMMENTS = YES;
				CLANG_WARN_EMPTY_BODY = YES;
				CLANG_WARN_ENUM_CONVERSION = YES;
				CLANG_WARN_INFINITE_RECURSION = YES;
				CLANG_WARN_INT_CONVERSION = YES;
				CLANG_WARN_NON_LITERAL_NULL_CONVERSION = YES;
				CLANG_WARN_OBJC_IMPLICIT_RETAIN_SELF = YES;
				CLANG_WARN_OBJC_LITERAL_CONVERSION = YES;
				CLANG_WARN_OBJC_ROOT_CLASS = YES_ERROR;
				CLANG_WARN_QUOTED_INCLUDE_IN_FRAMEWORK_HEADER = YES;
				CLANG_WARN_RANGE_LOOP_ANALYSIS = YES;
				CLANG_WARN_STRICT_PROTOTYPES = YES;
				CLANG_WARN_SUSPICIOUS_MOVE = YES;
				CLANG_WARN_UNGUARDED_AVAILABILITY = YES_AGGRESSIVE;
				CLANG_WARN_UNREACHABLE_CODE = YES;
				CLANG_WARN__DUPLICATE_METHOD_MATCH = YES;
				COPY_PHASE_STRIP = NO;
				DEBUG_INFORMATION_FORMAT = dwarf;
				ENABLE_HARDENED_RUNTIME = YES;
				ENABLE_STRICT_OBJC_MSGSEND = YES;
				ENABLE_TESTABILITY = YES;
				GCC_C_LANGUAGE_STANDARD = gnu11;
				GCC_DYNAMIC_NO_PIC = NO;
				GCC_NO_COMMON_BLOCKS = YES;
				GCC_OPTIMIZATION_LEVEL = 0;
				GCC_PREPROCESSOR_DEFINITIONS = (
					"DEBUG=1",
					"$(inherited)",
				);
				GCC_WARN_64_TO_32_BIT_CONVERSION = YES;
				GCC_WARN_ABOUT_RETURN_TYPE = YES_ERROR;
				GCC_WARN_UNDECLARED_SELECTOR = YES;
				GCC_WARN_UNINITIALIZED_AUTOS = YES_AGGRESSIVE;
				GCC_WARN_UNUSED_FUNCTION = YES;
				GCC_WARN_UNUSED_VARIABLE = YES;
				MACOSX_DEPLOYMENT_TARGET = 10.15;
				MTL_ENABLE_DEBUG_INFO = INCLUDE_SOURCE;
				MTL_FAST_MATH = YES;
				ONLY_ACTIVE_ARCH = YES;
				SDKROOT = macosx;
				SWIFT_ACTIVE_COMPILATION_CONDITIONS = DEBUG;
				SWIFT_OPTIMIZATION_LEVEL = "-Onone";
			};
			name = Debug;
		};
		0B8FE40B25175CAE00E3CB46 /* Release */ = {
			isa = XCBuildConfiguration;
			buildSettings = {
				ALWAYS_SEARCH_USER_PATHS = NO;
				CLANG_ANALYZER_NONNULL = YES;
				CLANG_ANALYZER_NUMBER_OBJECT_CONVERSION = YES_AGGRESSIVE;
				CLANG_CXX_LANGUAGE_STANDARD = "gnu++14";
				CLANG_CXX_LIBRARY = "libc++";
				CLANG_ENABLE_MODULES = YES;
				CLANG_ENABLE_OBJC_ARC = YES;
				CLANG_ENABLE_OBJC_WEAK = YES;
				CLANG_WARN_BLOCK_CAPTURE_AUTORELEASING = YES;
				CLANG_WARN_BOOL_CONVERSION = YES;
				CLANG_WARN_COMMA = YES;
				CLANG_WARN_CONSTANT_CONVERSION = YES;
				CLANG_WARN_DEPRECATED_OBJC_IMPLEMENTATIONS = YES;
				CLANG_WARN_DIRECT_OBJC_ISA_USAGE = YES_ERROR;
				CLANG_WARN_DOCUMENTATION_COMMENTS = YES;
				CLANG_WARN_EMPTY_BODY = YES;
				CLANG_WARN_ENUM_CONVERSION = YES;
				CLANG_WARN_INFINITE_RECURSION = YES;
				CLANG_WARN_INT_CONVERSION = YES;
				CLANG_WARN_NON_LITERAL_NULL_CONVERSION = YES;
				CLANG_WARN_OBJC_IMPLICIT_RETAIN_SELF = YES;
				CLANG_WARN_OBJC_LITERAL_CONVERSION = YES;
				CLANG_WARN_OBJC_ROOT_CLASS = YES_ERROR;
				CLANG_WARN_QUOTED_INCLUDE_IN_FRAMEWORK_HEADER = YES;
				CLANG_WARN_RANGE_LOOP_ANALYSIS = YES;
				CLANG_WARN_STRICT_PROTOTYPES = YES;
				CLANG_WARN_SUSPICIOUS_MOVE = YES;
				CLANG_WARN_UNGUARDED_AVAILABILITY = YES_AGGRESSIVE;
				CLANG_WARN_UNREACHABLE_CODE = YES;
				CLANG_WARN__DUPLICATE_METHOD_MATCH = YES;
				COPY_PHASE_STRIP = NO;
				DEBUG_INFORMATION_FORMAT = "dwarf-with-dsym";
				ENABLE_HARDENED_RUNTIME = YES;
				ENABLE_NS_ASSERTIONS = NO;
				ENABLE_STRICT_OBJC_MSGSEND = YES;
				GCC_C_LANGUAGE_STANDARD = gnu11;
				GCC_NO_COMMON_BLOCKS = YES;
				GCC_WARN_64_TO_32_BIT_CONVERSION = YES;
				GCC_WARN_ABOUT_RETURN_TYPE = YES_ERROR;
				GCC_WARN_UNDECLARED_SELECTOR = YES;
				GCC_WARN_UNINITIALIZED_AUTOS = YES_AGGRESSIVE;
				GCC_WARN_UNUSED_FUNCTION = YES;
				GCC_WARN_UNUSED_VARIABLE = YES;
				MACOSX_DEPLOYMENT_TARGET = 10.15;
				MTL_ENABLE_DEBUG_INFO = NO;
				MTL_FAST_MATH = YES;
				SDKROOT = macosx;
				SWIFT_COMPILATION_MODE = wholemodule;
				SWIFT_OPTIMIZATION_LEVEL = "-O";
			};
			name = Release;
		};
		0B8FE40D25175CAE00E3CB46 /* Debug */ = {
			isa = XCBuildConfiguration;
			baseConfigurationReference = 2766CC4C25FB609E2F562DBB /* Pods-ServingSystem.debug.xcconfig */;
			buildSettings = {
				ASSETCATALOG_COMPILER_APPICON_NAME = AppIcon;
				ASSETCATALOG_COMPILER_GLOBAL_ACCENT_COLOR_NAME = AccentColor;
				CODE_SIGN_ENTITLEMENTS = ServingSystem/ServingSystem.entitlements;
				CODE_SIGN_STYLE = Automatic;
				COMBINE_HIDPI_IMAGES = YES;
				DEVELOPMENT_TEAM = 3HG9ZBM8AV;
				ENABLE_HARDENED_RUNTIME = YES;
				INFOPLIST_FILE = ServingSystem/Info.plist;
				INFOPLIST_KEY_CFBundleDisplayName = ServingSystem;
				LD_RUNPATH_SEARCH_PATHS = (
					"$(inherited)",
					"@executable_path/../Frameworks",
				);
				MARKETING_VERSION = 0.1.4;
				PRODUCT_BUNDLE_IDENTIFIER = panandafog.ServingSystem;
				PRODUCT_NAME = "$(TARGET_NAME)";
				SWIFT_VERSION = 5.0;
			};
			name = Debug;
		};
		0B8FE40E25175CAE00E3CB46 /* Release */ = {
			isa = XCBuildConfiguration;
			baseConfigurationReference = BA0472FAA0E15911F2FE843C /* Pods-ServingSystem.release.xcconfig */;
			buildSettings = {
				ASSETCATALOG_COMPILER_APPICON_NAME = AppIcon;
				ASSETCATALOG_COMPILER_GLOBAL_ACCENT_COLOR_NAME = AccentColor;
				CODE_SIGN_ENTITLEMENTS = ServingSystem/ServingSystem.entitlements;
				CODE_SIGN_STYLE = Automatic;
				COMBINE_HIDPI_IMAGES = YES;
				DEVELOPMENT_TEAM = 3HG9ZBM8AV;
				ENABLE_HARDENED_RUNTIME = YES;
				INFOPLIST_FILE = ServingSystem/Info.plist;
				INFOPLIST_KEY_CFBundleDisplayName = ServingSystem;
				LD_RUNPATH_SEARCH_PATHS = (
					"$(inherited)",
					"@executable_path/../Frameworks",
				);
				MARKETING_VERSION = 0.1.4;
				PRODUCT_BUNDLE_IDENTIFIER = panandafog.ServingSystem;
				PRODUCT_NAME = "$(TARGET_NAME)";
				SWIFT_VERSION = 5.0;
			};
			name = Release;
		};
		0B98027D29954FB90028F442 /* Debug */ = {
			isa = XCBuildConfiguration;
			buildSettings = {
				BUNDLE_LOADER = "$(TEST_HOST)";
				CLANG_CXX_LANGUAGE_STANDARD = "gnu++20";
				CODE_SIGN_STYLE = Automatic;
				CURRENT_PROJECT_VERSION = 1;
				DEVELOPMENT_TEAM = 3HG9ZBM8AV;
				GENERATE_INFOPLIST_FILE = YES;
				MACOSX_DEPLOYMENT_TARGET = 13.1;
				MARKETING_VERSION = 1.0;
				PRODUCT_BUNDLE_IDENTIFIER = com.panandafog.ServingSystemTests;
				PRODUCT_NAME = "$(TARGET_NAME)";
				SWIFT_EMIT_LOC_STRINGS = NO;
				SWIFT_VERSION = 5.0;
				TEST_HOST = "$(BUILT_PRODUCTS_DIR)/ServingSystem.app/$(BUNDLE_EXECUTABLE_FOLDER_PATH)/ServingSystem";
			};
			name = Debug;
		};
		0B98027E29954FB90028F442 /* Release */ = {
			isa = XCBuildConfiguration;
			buildSettings = {
				BUNDLE_LOADER = "$(TEST_HOST)";
				CLANG_CXX_LANGUAGE_STANDARD = "gnu++20";
				CODE_SIGN_STYLE = Automatic;
				CURRENT_PROJECT_VERSION = 1;
				DEVELOPMENT_TEAM = 3HG9ZBM8AV;
				GENERATE_INFOPLIST_FILE = YES;
				MACOSX_DEPLOYMENT_TARGET = 13.1;
				MARKETING_VERSION = 1.0;
				PRODUCT_BUNDLE_IDENTIFIER = com.panandafog.ServingSystemTests;
				PRODUCT_NAME = "$(TARGET_NAME)";
				SWIFT_EMIT_LOC_STRINGS = NO;
				SWIFT_VERSION = 5.0;
				TEST_HOST = "$(BUILT_PRODUCTS_DIR)/ServingSystem.app/$(BUNDLE_EXECUTABLE_FOLDER_PATH)/ServingSystem";
			};
			name = Release;
		};
/* End XCBuildConfiguration section */

/* Begin XCConfigurationList section */
		0B8FE3E125175CAD00E3CB46 /* Build configuration list for PBXProject "ServingSystem" */ = {
			isa = XCConfigurationList;
			buildConfigurations = (
				0B8FE40A25175CAE00E3CB46 /* Debug */,
				0B8FE40B25175CAE00E3CB46 /* Release */,
			);
			defaultConfigurationIsVisible = 0;
			defaultConfigurationName = Release;
		};
		0B8FE40C25175CAE00E3CB46 /* Build configuration list for PBXNativeTarget "ServingSystem" */ = {
			isa = XCConfigurationList;
			buildConfigurations = (
				0B8FE40D25175CAE00E3CB46 /* Debug */,
				0B8FE40E25175CAE00E3CB46 /* Release */,
			);
			defaultConfigurationIsVisible = 0;
			defaultConfigurationName = Release;
		};
		0B98027C29954FB90028F442 /* Build configuration list for PBXNativeTarget "ServingSystemTests" */ = {
			isa = XCConfigurationList;
			buildConfigurations = (
				0B98027D29954FB90028F442 /* Debug */,
				0B98027E29954FB90028F442 /* Release */,
			);
			defaultConfigurationIsVisible = 0;
			defaultConfigurationName = Release;
		};
/* End XCConfigurationList section */
	};
	rootObject = 0B8FE3DE25175CAD00E3CB46 /* Project object */;
}
